# This file is automatically @generated by Cargo.
# It is not intended for manual editing.
version = 3

[[package]]
name = "atomic-polyfill"
version = "0.1.11"
source = "registry+https://github.com/rust-lang/crates.io-index"
checksum = "e3ff7eb3f316534d83a8a2c3d1674ace8a5a71198eba31e2e2b597833f699b28"
dependencies = [
 "critical-section",
]

[[package]]
name = "atomic-polyfill"
version = "1.0.2"
source = "registry+https://github.com/rust-lang/crates.io-index"
checksum = "c314e70d181aa6053b26e3f7fbf86d1dfff84f816a6175b967666b3506ef7289"
dependencies = [
 "critical-section",
]

[[package]]
name = "autocfg"
version = "1.1.0"
source = "registry+https://github.com/rust-lang/crates.io-index"
checksum = "d468802bab17cbc0cc575e9b053f41e72aa36bfa6b7f55e3529ffa43161b97fa"

[[package]]
name = "byteorder"
version = "1.4.3"
source = "registry+https://github.com/rust-lang/crates.io-index"
checksum = "14c189c53d098945499cdfa7ecc63567cf3886b3332b312a5b4585d8d3a6a610"

[[package]]
name = "cfg-if"
version = "1.0.0"
source = "registry+https://github.com/rust-lang/crates.io-index"
checksum = "baf1de4339761588bc0619e3cbc0120ee582ebb74b53b4efbf79117bd2da40fd"

[[package]]
name = "critical-section"
version = "1.1.1"
source = "registry+https://github.com/rust-lang/crates.io-index"
checksum = "6548a0ad5d2549e111e1f6a11a6c2e2d00ce6a3dafe22948d67c2b443f775e52"

[[package]]
name = "darling"
version = "0.13.4"
source = "registry+https://github.com/rust-lang/crates.io-index"
checksum = "a01d95850c592940db9b8194bc39f4bc0e89dee5c4265e4b1807c34a9aba453c"
dependencies = [
 "darling_core",
 "darling_macro",
]

[[package]]
name = "darling_core"
version = "0.13.4"
source = "registry+https://github.com/rust-lang/crates.io-index"
checksum = "859d65a907b6852c9361e3185c862aae7fafd2887876799fa55f5f99dc40d610"
dependencies = [
 "fnv",
 "ident_case",
 "proc-macro2",
 "quote",
 "strsim",
 "syn",
]

[[package]]
name = "darling_macro"
version = "0.13.4"
source = "registry+https://github.com/rust-lang/crates.io-index"
checksum = "9c972679f83bdf9c42bd905396b6c3588a843a17f0f16dfcfa3e2c5d57441835"
dependencies = [
 "darling_core",
 "quote",
 "syn",
]

[[package]]
name = "ector"
version = "0.4.0"
source = "registry+https://github.com/rust-lang/crates.io-index"
checksum = "f0b226a16f875ccac18432966608b72d4ed643c2fbf700235c1ed6a28bbb5b66"
dependencies = [
 "atomic-polyfill 1.0.2",
 "ector-macros",
 "embassy-executor 0.2.0 (registry+https://github.com/rust-lang/crates.io-index)",
 "embassy-sync 0.2.0 (registry+https://github.com/rust-lang/crates.io-index)",
 "futures",
 "static_cell",
]

[[package]]
name = "ector-macros"
version = "0.4.0"
source = "registry+https://github.com/rust-lang/crates.io-index"
checksum = "fbc782ef18ace29526f9f619b805d012f338fa96d0566c2c11514b0fcb3e1bfe"
dependencies = [
 "proc-macro2",
 "quote",
 "syn",
]

[[package]]
name = "ector-use-after-free"
version = "0.1.0"
dependencies = [
 "ector",
 "embassy-executor 0.2.0 (git+https://github.com/embassy-rs/embassy?tag=embassy-executor-v0.2.0)",
 "embassy-futures",
 "embassy-sync 0.2.0 (git+https://github.com/embassy-rs/embassy?tag=embassy-sync-v0.2.0)",
 "embassy-time 0.1.1 (git+https://github.com/embassy-rs/embassy?rev=embassy-time-v0.1.1)",
]

[[package]]
name = "embassy-executor"
version = "0.2.0"
source = "registry+https://github.com/rust-lang/crates.io-index"
checksum = "acebf176f4622fd87c7200b568ee32d5b435e3a4d58e39355ce0837b45139eca"
dependencies = [
 "atomic-polyfill 1.0.2",
 "critical-section",
 "embassy-macros 0.2.0 (registry+https://github.com/rust-lang/crates.io-index)",
 "futures-util",
 "static_cell",
]

[[package]]
name = "embassy-executor"
version = "0.2.0"
source = "git+https://github.com/embassy-rs/embassy?tag=embassy-executor-v0.2.0#3e730aa8b06401003202bf9e21a9c83ec6b21b0e"
dependencies = [
 "atomic-polyfill 1.0.2",
 "critical-section",
 "embassy-macros 0.2.0 (git+https://github.com/embassy-rs/embassy?tag=embassy-executor-v0.2.0)",
 "embassy-time 0.1.1 (git+https://github.com/embassy-rs/embassy?tag=embassy-executor-v0.2.0)",
 "futures-util",
 "static_cell",
]

[[package]]
name = "embassy-futures"
version = "0.1.0"
source = "registry+https://github.com/rust-lang/crates.io-index"
checksum = "47e5367165d347c039360f784812f493b001583ab6a3dd8622f4ce9c30374ec3"

[[package]]
name = "embassy-macros"
version = "0.2.0"
source = "registry+https://github.com/rust-lang/crates.io-index"
checksum = "acf2e5e33cc670fcdf208c0fdf8ee93493681658562fb1c50ba8ceb09591e0ff"
dependencies = [
 "darling",
 "proc-macro2",
 "quote",
 "syn",
]

[[package]]
name = "embassy-macros"
version = "0.2.0"
source = "git+https://github.com/embassy-rs/embassy?tag=embassy-executor-v0.2.0#3e730aa8b06401003202bf9e21a9c83ec6b21b0e"
dependencies = [
 "darling",
 "proc-macro2",
 "quote",
 "syn",
]

[[package]]
name = "embassy-sync"
version = "0.2.0"
source = "registry+https://github.com/rust-lang/crates.io-index"
checksum = "a0dad296a6f70bfdc32ef52442a31f98c28e1608893c1cecc9b6f419bab005a0"
dependencies = [
 "cfg-if",
 "critical-section",
 "embedded-io",
 "futures-util",
 "heapless",
]

[[package]]
name = "embassy-sync"
version = "0.2.0"
source = "git+https://github.com/embassy-rs/embassy?tag=embassy-sync-v0.2.0#62ecd973504644fa5e9f6d69d772c2f3b8903f50"
dependencies = [
 "cfg-if",
 "critical-section",
 "embedded-io",
 "futures-util",
 "heapless",
]

[[package]]
name = "embassy-time"
version = "0.1.1"
source = "git+https://github.com/embassy-rs/embassy?tag=embassy-executor-v0.2.0#3e730aa8b06401003202bf9e21a9c83ec6b21b0e"
dependencies = [
 "atomic-polyfill 1.0.2",
 "cfg-if",
 "critical-section",
 "embedded-hal",
 "futures-util",
 "heapless",
]

[[package]]
name = "embassy-time"
version = "0.1.1"
source = "git+https://github.com/embassy-rs/embassy?rev=embassy-time-v0.1.1#a3ecf5caf614e17b2e1cb3d1f79d8313f2e71a63"
dependencies = [
 "atomic-polyfill 1.0.2",
 "cfg-if",
 "critical-section",
 "embedded-hal",
 "futures-util",
 "heapless",
]

[[package]]
name = "embedded-hal"
version = "0.2.7"
source = "registry+https://github.com/rust-lang/crates.io-index"
checksum = "35949884794ad573cf46071e41c9b60efb0cb311e3ca01f7af807af1debc66ff"
dependencies = [
 "nb 0.1.3",
 "void",
]

[[package]]
name = "embedded-io"
version = "0.4.0"
source = "registry+https://github.com/rust-lang/crates.io-index"
checksum = "ef1a6892d9eef45c8fa6b9e0086428a2cca8491aca8f787c534a3d6d0bcb3ced"

[[package]]
name = "fnv"
version = "1.0.7"
source = "registry+https://github.com/rust-lang/crates.io-index"
checksum = "3f9eec918d3f24069decb9af1554cad7c880e2da24a9afd88aca000531ab82c1"

[[package]]
name = "futures"
version = "0.3.28"
source = "registry+https://github.com/rust-lang/crates.io-index"
checksum = "23342abe12aba583913b2e62f22225ff9c950774065e4bfb61a19cd9770fec40"
dependencies = [
 "futures-channel",
 "futures-core",
 "futures-io",
 "futures-sink",
 "futures-task",
 "futures-util",
]

[[package]]
name = "futures-channel"
version = "0.3.28"
source = "registry+https://github.com/rust-lang/crates.io-index"
checksum = "955518d47e09b25bbebc7a18df10b81f0c766eaf4c4f1cccef2fca5f2a4fb5f2"
dependencies = [
 "futures-core",
 "futures-sink",
]

[[package]]
name = "futures-core"
version = "0.3.28"
source = "registry+https://github.com/rust-lang/crates.io-index"
checksum = "4bca583b7e26f571124fe5b7561d49cb2868d79116cfa0eefce955557c6fee8c"

[[package]]
name = "futures-io"
version = "0.3.28"
source = "registry+https://github.com/rust-lang/crates.io-index"
checksum = "4fff74096e71ed47f8e023204cfd0aa1289cd54ae5430a9523be060cdb849964"

[[package]]
name = "futures-sink"
version = "0.3.28"
source = "registry+https://github.com/rust-lang/crates.io-index"
checksum = "f43be4fe21a13b9781a69afa4985b0f6ee0e1afab2c6f454a8cf30e2b2237b6e"

[[package]]
name = "futures-task"
version = "0.3.28"
source = "registry+https://github.com/rust-lang/crates.io-index"
checksum = "76d3d132be6c0e6aa1534069c705a74a5997a356c0dc2f86a47765e5617c5b65"

[[package]]
name = "futures-util"
version = "0.3.28"
source = "registry+https://github.com/rust-lang/crates.io-index"
checksum = "26b01e40b772d54cf6c6d721c1d1abd0647a0106a12ecaa1c186273392a69533"
dependencies = [
 "futures-core",
 "futures-sink",
 "futures-task",
 "pin-project-lite",
 "pin-utils",
]

[[package]]
name = "hash32"
version = "0.2.1"
source = "registry+https://github.com/rust-lang/crates.io-index"
checksum = "b0c35f58762feb77d74ebe43bdbc3210f09be9fe6742234d573bacc26ed92b67"
dependencies = [
 "byteorder",
]

[[package]]
name = "heapless"
version = "0.7.16"
source = "registry+https://github.com/rust-lang/crates.io-index"
checksum = "db04bc24a18b9ea980628ecf00e6c0264f3c1426dac36c00cb49b6fbad8b0743"
dependencies = [
 "atomic-polyfill 0.1.11",
 "hash32",
 "rustc_version",
 "spin",
 "stable_deref_trait",
]

[[package]]
name = "ident_case"
version = "1.0.1"
source = "registry+https://github.com/rust-lang/crates.io-index"
checksum = "b9e0384b61958566e926dc50660321d12159025e767c18e043daf26b70104c39"

[[package]]
name = "lock_api"
version = "0.4.9"
source = "registry+https://github.com/rust-lang/crates.io-index"
checksum = "435011366fe56583b16cf956f9df0095b405b82d76425bc8981c0e22e60ec4df"
dependencies = [
 "autocfg",
 "scopeguard",
]

[[package]]
name = "nb"
version = "0.1.3"
source = "registry+https://github.com/rust-lang/crates.io-index"
checksum = "801d31da0513b6ec5214e9bf433a77966320625a37860f910be265be6e18d06f"
dependencies = [
 "nb 1.1.0",
]

[[package]]
name = "nb"
version = "1.1.0"
source = "registry+https://github.com/rust-lang/crates.io-index"
checksum = "8d5439c4ad607c3c23abf66de8c8bf57ba8adcd1f129e699851a6e43935d339d"

[[package]]
name = "pin-project-lite"
version = "0.2.9"
source = "registry+https://github.com/rust-lang/crates.io-index"
checksum = "e0a7ae3ac2f1173085d398531c705756c94a4c56843785df85a60c1a0afac116"

[[package]]
name = "pin-utils"
version = "0.1.0"
source = "registry+https://github.com/rust-lang/crates.io-index"
checksum = "8b870d8c151b6f2fb93e84a13146138f05d02ed11c7e7c54f8826aaaf7c9f184"

[[package]]
name = "proc-macro2"
version = "1.0.59"
source = "registry+https://github.com/rust-lang/crates.io-index"
checksum = "6aeca18b86b413c660b781aa319e4e2648a3e6f9eadc9b47e9038e6fe9f3451b"
dependencies = [
 "unicode-ident",
]

[[package]]
name = "quote"
version = "1.0.28"
source = "registry+https://github.com/rust-lang/crates.io-index"
checksum = "1b9ab9c7eadfd8df19006f1cf1a4aed13540ed5cbc047010ece5826e10825488"
dependencies = [
 "proc-macro2",
]

[[package]]
name = "rustc_version"
version = "0.4.0"
source = "registry+https://github.com/rust-lang/crates.io-index"
checksum = "bfa0f585226d2e68097d4f95d113b15b83a82e819ab25717ec0590d9584ef366"
dependencies = [
 "semver",
]

[[package]]
name = "scopeguard"
version = "1.1.0"
source = "registry+https://github.com/rust-lang/crates.io-index"
checksum = "d29ab0c6d3fc0ee92fe66e2d99f700eab17a8d57d1c1d3b748380fb20baa78cd"

[[package]]
name = "semver"
version = "1.0.17"
source = "registry+https://github.com/rust-lang/crates.io-index"
checksum = "bebd363326d05ec3e2f532ab7660680f3b02130d780c299bca73469d521bc0ed"

[[package]]
name = "spin"
version = "0.9.8"
source = "registry+https://github.com/rust-lang/crates.io-index"
checksum = "6980e8d7511241f8acf4aebddbb1ff938df5eebe98691418c4468d0b72a96a67"
dependencies = [
 "lock_api",
]

[[package]]
name = "stable_deref_trait"
version = "1.2.0"
source = "registry+https://github.com/rust-lang/crates.io-index"
checksum = "a8f112729512f8e442d81f95a8a7ddf2b7c6b8a1a6f509a95864142b30cab2d3"

[[package]]
name = "static_cell"
version = "1.1.0"
source = "registry+https://github.com/rust-lang/crates.io-index"
checksum = "ed6a851e9c00ce152b2bad24e8545a6db0b8646988267a6ea966d95c6932e8a2"
dependencies = [
 "atomic-polyfill 1.0.2",
]

[[package]]
name = "strsim"
version = "0.10.0"
source = "registry+https://github.com/rust-lang/crates.io-index"
checksum = "73473c0e59e6d5812c5dfe2a064a6444949f089e20eec9a2e5506596494e4623"

[[package]]
name = "syn"
version = "1.0.109"
source = "registry+https://github.com/rust-lang/crates.io-index"
checksum = "72b64191b275b66ffe2469e8af2c1cfe3bafa67b529ead792a6d0160888b4237"
dependencies = [
 "proc-macro2",
 "quote",
 "unicode-ident",
]

[[package]]
name = "unicode-ident"
version = "1.0.9"
source = "registry+https://github.com/rust-lang/crates.io-index"
checksum = "b15811caf2415fb889178633e7724bad2509101cde276048e013b9def5e51fa0"

[[package]]
name = "void"
version = "1.0.2"
source = "registry+https://github.com/rust-lang/crates.io-index"
checksum = "6a02e4885ed3bc0f2de90ea6dd45ebcbb66dacffe03547fadbb0eeae2770887d"
